
Microsoft Visual Studio Solution File, Format Version 12.00
# Visual Studio Version 17
VisualStudioVersion = 17.14.36518.9 d17.14
MinimumVisualStudioVersion = 10.0.40219.1
Project("{FAE04EC0-301F-11D3-BF4B-00C04F79EFBC}") = "API", "SchoolManagmentSys\API.csproj", "{9B13ACFE-E092-4B11-83EC-E463B861AE65}"
EndProject
Project("{FAE04EC0-301F-11D3-BF4B-00C04F79EFBC}") = "UI", "UI\UI.csproj", "{4BB7269D-AA37-4BBF-9C11-4EFECFDD9889}"
EndProject
Project("{FAE04EC0-301F-11D3-BF4B-00C04F79EFBC}") = "Infrastructure", "Infrastructure\Infrastructure.csproj", "{F9D32D76-93DF-433A-842F-01C62A780601}"
EndProject
Project("{FAE04EC0-301F-11D3-BF4B-00C04F79EFBC}") = "DomainEntities", "DomainEntities\DomainEntities.csproj", "{DD221F0A-0938-4DB6-9A0E-648DF38C4B3C}"
EndProject
Project("{FAE04EC0-301F-11D3-BF4B-00C04F79EFBC}") = "Repositories", "Repositories\Repositories.csproj", "{0D30B093-FF3A-4532-9969-B29137B55909}"
EndProject
Global
	GlobalSection(SolutionConfigurationPlatforms) = preSolution
		Debug|Any CPU = Debug|Any CPU
		Release|Any CPU = Release|Any CPU
	EndGlobalSection
	GlobalSection(ProjectConfigurationPlatforms) = postSolution
		{9B13ACFE-E092-4B11-83EC-E463B861AE65}.Debug|Any CPU.ActiveCfg = Debug|Any CPU
		{9B13ACFE-E092-4B11-83EC-E463B861AE65}.Debug|Any CPU.Build.0 = Debug|Any CPU
		{9B13ACFE-E092-4B11-83EC-E463B861AE65}.Release|Any CPU.ActiveCfg = Release|Any CPU
		{9B13ACFE-E092-4B11-83EC-E463B861AE65}.Release|Any CPU.Build.0 = Release|Any CPU
		{4BB7269D-AA37-4BBF-9C11-4EFECFDD9889}.Debug|Any CPU.ActiveCfg = Debug|Any CPU
		{4BB7269D-AA37-4BBF-9C11-4EFECFDD9889}.Debug|Any CPU.Build.0 = Debug|Any CPU
		{4BB7269D-AA37-4BBF-9C11-4EFECFDD9889}.Release|Any CPU.ActiveCfg = Release|Any CPU
		{4BB7269D-AA37-4BBF-9C11-4EFECFDD9889}.Release|Any CPU.Build.0 = Release|Any CPU
		{F9D32D76-93DF-433A-842F-01C62A780601}.Debug|Any CPU.ActiveCfg = Debug|Any CPU
		{F9D32D76-93DF-433A-842F-01C62A780601}.Debug|Any CPU.Build.0 = Debug|Any CPU
		{F9D32D76-93DF-433A-842F-01C62A780601}.Release|Any CPU.ActiveCfg = Release|Any CPU
		{F9D32D76-93DF-433A-842F-01C62A780601}.Release|Any CPU.Build.0 = Release|Any CPU
		{DD221F0A-0938-4DB6-9A0E-648DF38C4B3C}.Debug|Any CPU.ActiveCfg = Debug|Any CPU
		{DD221F0A-0938-4DB6-9A0E-648DF38C4B3C}.Debug|Any CPU.Build.0 = Debug|Any CPU
		{DD221F0A-0938-4DB6-9A0E-648DF38C4B3C}.Release|Any CPU.ActiveCfg = Release|Any CPU
		{DD221F0A-0938-4DB6-9A0E-648DF38C4B3C}.Release|Any CPU.Build.0 = Release|Any CPU
		{0D30B093-FF3A-4532-9969-B29137B55909}.Debug|Any CPU.ActiveCfg = Debug|Any CPU
		{0D30B093-FF3A-4532-9969-B29137B55909}.Debug|Any CPU.Build.0 = Debug|Any CPU
		{0D30B093-FF3A-4532-9969-B29137B55909}.Release|Any CPU.ActiveCfg = Release|Any CPU
		{0D30B093-FF3A-4532-9969-B29137B55909}.Release|Any CPU.Build.0 = Release|Any CPU
	EndGlobalSection
	GlobalSection(SolutionProperties) = preSolution
		HideSolutionNode = FALSE
	EndGlobalSection
	GlobalSection(ExtensibilityGlobals) = postSolution
		SolutionGuid = {E6CCD07D-1EC7-4338-9B8D-A32CD40D5CCB}
	EndGlobalSection
EndGlobal
